
Microsoft Visual Studio Solution File, Format Version 12.00
# Visual Studio Version 16
VisualStudioVersion = 16.0.31402.337
MinimumVisualStudioVersion = 10.0.40219.1
Project("{FAE04EC0-301F-11D3-BF4B-00C04F79EFBC}") = "Dual_Contouring", "Dual_Contouring\Dual_Contouring.csproj", "{4D10C590-8CD5-4731-B292-3D8038992CFF}"
EndProject
Project("{8BC9CEB8-8B4A-11D0-8D11-00A0C91BC942}") = "Dual_Contouring_DLL", "Dual_Contouring_DLL\Dual_Contouring_DLL.vcxproj", "{F2987D3D-2F69-4F65-9AEC-0ED7F9EFA9D6}"
EndProject
Global
	GlobalSection(SolutionConfigurationPlatforms) = preSolution
		Debug|Any CPU = Debug|Any CPU
		Debug|x64 = Debug|x64
		Debug|x86 = Debug|x86
		Release|Any CPU = Release|Any CPU
		Release|x64 = Release|x64
		Release|x86 = Release|x86
	EndGlobalSection
	GlobalSection(ProjectConfigurationPlatforms) = postSolution
		{4D10C590-8CD5-4731-B292-3D8038992CFF}.Debug|Any CPU.ActiveCfg = Debug|Any CPU
		{4D10C590-8CD5-4731-B292-3D8038992CFF}.Debug|Any CPU.Build.0 = Debug|Any CPU
		{4D10C590-8CD5-4731-B292-3D8038992CFF}.Debug|x64.ActiveCfg = Debug|Any CPU
		{4D10C590-8CD5-4731-B292-3D8038992CFF}.Debug|x64.Build.0 = Debug|Any CPU
		{4D10C590-8CD5-4731-B292-3D8038992CFF}.Debug|x86.ActiveCfg = Debug|Any CPU
		{4D10C590-8CD5-4731-B292-3D8038992CFF}.Debug|x86.Build.0 = Debug|Any CPU
		{4D10C590-8CD5-4731-B292-3D8038992CFF}.Release|Any CPU.ActiveCfg = Release|Any CPU
		{4D10C590-8CD5-4731-B292-3D8038992CFF}.Release|Any CPU.Build.0 = Release|Any CPU
		{4D10C590-8CD5-4731-B292-3D8038992CFF}.Release|x64.ActiveCfg = Release|Any CPU
		{4D10C590-8CD5-4731-B292-3D8038992CFF}.Release|x64.Build.0 = Release|Any CPU
		{4D10C590-8CD5-4731-B292-3D8038992CFF}.Release|x86.ActiveCfg = Release|Any CPU
		{4D10C590-8CD5-4731-B292-3D8038992CFF}.Release|x86.Build.0 = Release|Any CPU
		{F2987D3D-2F69-4F65-9AEC-0ED7F9EFA9D6}.Debug|Any CPU.ActiveCfg = Debug|Win32
		{F2987D3D-2F69-4F65-9AEC-0ED7F9EFA9D6}.Debug|x64.ActiveCfg = Debug|x64
		{F2987D3D-2F69-4F65-9AEC-0ED7F9EFA9D6}.Debug|x64.Build.0 = Debug|x64
		{F2987D3D-2F69-4F65-9AEC-0ED7F9EFA9D6}.Debug|x86.ActiveCfg = Debug|Win32
		{F2987D3D-2F69-4F65-9AEC-0ED7F9EFA9D6}.Debug|x86.Build.0 = Debug|Win32
		{F2987D3D-2F69-4F65-9AEC-0ED7F9EFA9D6}.Release|Any CPU.ActiveCfg = Release|Win32
		{F2987D3D-2F69-4F65-9AEC-0ED7F9EFA9D6}.Release|x64.ActiveCfg = Release|x64
		{F2987D3D-2F69-4F65-9AEC-0ED7F9EFA9D6}.Release|x64.Build.0 = Release|x64
		{F2987D3D-2F69-4F65-9AEC-0ED7F9EFA9D6}.Release|x86.ActiveCfg = Release|Win32
		{F2987D3D-2F69-4F65-9AEC-0ED7F9EFA9D6}.Release|x86.Build.0 = Release|Win32
	EndGlobalSection
	GlobalSection(SolutionProperties) = preSolution
		HideSolutionNode = FALSE
	EndGlobalSection
	GlobalSection(ExtensibilityGlobals) = postSolution
		SolutionGuid = {E8D139F4-C224-47BA-BEE0-FD4A586A3EE6}
	EndGlobalSection
EndGlobal
